
Microsoft Visual Studio Solution File, Format Version 12.00
# Visual Studio Version 17
VisualStudioVersion = 17.2.32630.192
MinimumVisualStudioVersion = 10.0.40219.1
Project("{FAE04EC0-301F-11D3-BF4B-00C04F79EFBC}") = "Codingtron_prp_formdata", "Codingtron_prp_formdata\Codingtron_prp_formdata.csproj", "{9F896653-9EE0-43BA-A1AE-E402F25D0971}"
EndProject
Project("{FAE04EC0-301F-11D3-BF4B-00C04F79EFBC}") = "DataLayer", "..\DataLayer\DataLayer.csproj", "{ECB886B9-71EE-44B8-83D0-1A7D0A0A997D}"
EndProject
Global
	GlobalSection(SolutionConfigurationPlatforms) = preSolution
		Debug|Any CPU = Debug|Any CPU
		Release|Any CPU = Release|Any CPU
	EndGlobalSection
	GlobalSection(ProjectConfigurationPlatforms) = postSolution
		{9F896653-9EE0-43BA-A1AE-E402F25D0971}.Debug|Any CPU.ActiveCfg = Debug|Any CPU
		{9F896653-9EE0-43BA-A1AE-E402F25D0971}.Debug|Any CPU.Build.0 = Debug|Any CPU
		{9F896653-9EE0-43BA-A1AE-E402F25D0971}.Release|Any CPU.ActiveCfg = Release|Any CPU
		{9F896653-9EE0-43BA-A1AE-E402F25D0971}.Release|Any CPU.Build.0 = Release|Any CPU
		{ECB886B9-71EE-44B8-83D0-1A7D0A0A997D}.Debug|Any CPU.ActiveCfg = Debug|Any CPU
		{ECB886B9-71EE-44B8-83D0-1A7D0A0A997D}.Debug|Any CPU.Build.0 = Debug|Any CPU
		{ECB886B9-71EE-44B8-83D0-1A7D0A0A997D}.Release|Any CPU.ActiveCfg = Release|Any CPU
		{ECB886B9-71EE-44B8-83D0-1A7D0A0A997D}.Release|Any CPU.Build.0 = Release|Any CPU
	EndGlobalSection
	GlobalSection(SolutionProperties) = preSolution
		HideSolutionNode = FALSE
	EndGlobalSection
	GlobalSection(ExtensibilityGlobals) = postSolution
		SolutionGuid = {0697BDAF-DCE6-4C4B-A99B-6E9BE5F37623}
	EndGlobalSection
EndGlobal
